
Microsoft Visual Studio Solution File, Format Version 12.00
# Visual Studio Version 17
VisualStudioVersion = 17.1.32228.430
MinimumVisualStudioVersion = 10.0.40219.1
Project("{FAE04EC0-301F-11D3-BF4B-00C04F79EFBC}") = "MathWithThreading", "MathWithThreading\MathWithThreading.csproj", "{AFDC7E86-18CC-4EB9-806E-6A0B097C8C0D}"
EndProject
Global
	GlobalSection(SolutionConfigurationPlatforms) = preSolution
		Debug|Any CPU = Debug|Any CPU
		Release|Any CPU = Release|Any CPU
	EndGlobalSection
	GlobalSection(ProjectConfigurationPlatforms) = postSolution
		{AFDC7E86-18CC-4EB9-806E-6A0B097C8C0D}.Debug|Any CPU.ActiveCfg = Debug|Any CPU
		{AFDC7E86-18CC-4EB9-806E-6A0B097C8C0D}.Debug|Any CPU.Build.0 = Debug|Any CPU
		{AFDC7E86-18CC-4EB9-806E-6A0B097C8C0D}.Release|Any CPU.ActiveCfg = Release|Any CPU
		{AFDC7E86-18CC-4EB9-806E-6A0B097C8C0D}.Release|Any CPU.Build.0 = Release|Any CPU
	EndGlobalSection
	GlobalSection(SolutionProperties) = preSolution
		HideSolutionNode = FALSE
	EndGlobalSection
	GlobalSection(ExtensibilityGlobals) = postSolution
		SolutionGuid = {721AE657-4588-4D4D-BBA6-1C391FFF19F8}
	EndGlobalSection
EndGlobal
